
Microsoft Visual Studio Solution File, Format Version 12.00
# Visual Studio Version 17
VisualStudioVersion = 17.10.35013.160
MinimumVisualStudioVersion = 10.0.40219.1
Project("{FAE04EC0-301F-11D3-BF4B-00C04F79EFBC}") = "PractiseOnGithub", "PractiseOnGithub\PractiseOnGithub.csproj", "{E26C21BD-87FD-4814-A8A0-0549B3A16437}"
EndProject
Global
	GlobalSection(SolutionConfigurationPlatforms) = preSolution
		Debug|Any CPU = Debug|Any CPU
		Release|Any CPU = Release|Any CPU
	EndGlobalSection
	GlobalSection(ProjectConfigurationPlatforms) = postSolution
		{E26C21BD-87FD-4814-A8A0-0549B3A16437}.Debug|Any CPU.ActiveCfg = Debug|Any CPU
		{E26C21BD-87FD-4814-A8A0-0549B3A16437}.Debug|Any CPU.Build.0 = Debug|Any CPU
		{E26C21BD-87FD-4814-A8A0-0549B3A16437}.Release|Any CPU.ActiveCfg = Release|Any CPU
		{E26C21BD-87FD-4814-A8A0-0549B3A16437}.Release|Any CPU.Build.0 = Release|Any CPU
	EndGlobalSection
	GlobalSection(SolutionProperties) = preSolution
		HideSolutionNode = FALSE
	EndGlobalSection
	GlobalSection(ExtensibilityGlobals) = postSolution
		SolutionGuid = {A06B0E0E-885C-44E8-874C-15E70FE2626E}
	EndGlobalSection
EndGlobal
